
Microsoft Visual Studio Solution File, Format Version 12.00
# Visual Studio Version 17
VisualStudioVersion = 17.3.32901.215
MinimumVisualStudioVersion = 10.0.40219.1
Project("{FAE04EC0-301F-11D3-BF4B-00C04F79EFBC}") = "TDMS 6.Net", "TDMS 6.Net\TDMS 6.Net.csproj", "{C64090C2-9399-4C49-B397-0EE4C6CCD11E}"
EndProject
Global
	GlobalSection(SolutionConfigurationPlatforms) = preSolution
		Debug|Any CPU = Debug|Any CPU
		Release|Any CPU = Release|Any CPU
	EndGlobalSection
	GlobalSection(ProjectConfigurationPlatforms) = postSolution
		{C64090C2-9399-4C49-B397-0EE4C6CCD11E}.Debug|Any CPU.ActiveCfg = Debug|Any CPU
		{C64090C2-9399-4C49-B397-0EE4C6CCD11E}.Debug|Any CPU.Build.0 = Debug|Any CPU
		{C64090C2-9399-4C49-B397-0EE4C6CCD11E}.Release|Any CPU.ActiveCfg = Release|Any CPU
		{C64090C2-9399-4C49-B397-0EE4C6CCD11E}.Release|Any CPU.Build.0 = Release|Any CPU
	EndGlobalSection
	GlobalSection(SolutionProperties) = preSolution
		HideSolutionNode = FALSE
	EndGlobalSection
	GlobalSection(ExtensibilityGlobals) = postSolution
		SolutionGuid = {F8C40D7D-994F-456F-86D7-92240C3B8F52}
	EndGlobalSection
EndGlobal
